
Microsoft Visual Studio Solution File, Format Version 12.00
# Visual Studio Version 16
VisualStudioVersion = 16.0.29806.167
MinimumVisualStudioVersion = 10.0.40219.1
Project("{8BC9CEB8-8B4A-11D0-8D11-00A0C91BC942}") = "Math", "Math\Math.vcxproj", "{6C5FCD4A-FDDC-43C7-A865-6229C59D8BF4}"
EndProject
Project("{8BC9CEB8-8B4A-11D0-8D11-00A0C91BC942}") = "Test", "Test\Test.vcxproj", "{FDD90A75-A8D0-43CD-BBB1-5640C528F6C6}"
EndProject
Global
	GlobalSection(SolutionConfigurationPlatforms) = preSolution
		Debug|x64 = Debug|x64
		Debug|x86 = Debug|x86
		Release|x64 = Release|x64
		Release|x86 = Release|x86
	EndGlobalSection
	GlobalSection(ProjectConfigurationPlatforms) = postSolution
		{6C5FCD4A-FDDC-43C7-A865-6229C59D8BF4}.Debug|x64.ActiveCfg = Debug|x64
		{6C5FCD4A-FDDC-43C7-A865-6229C59D8BF4}.Debug|x64.Build.0 = Debug|x64
		{6C5FCD4A-FDDC-43C7-A865-6229C59D8BF4}.Debug|x86.ActiveCfg = Debug|Win32
		{6C5FCD4A-FDDC-43C7-A865-6229C59D8BF4}.Debug|x86.Build.0 = Debug|Win32
		{6C5FCD4A-FDDC-43C7-A865-6229C59D8BF4}.Release|x64.ActiveCfg = Release|x64
		{6C5FCD4A-FDDC-43C7-A865-6229C59D8BF4}.Release|x64.Build.0 = Release|x64
		{6C5FCD4A-FDDC-43C7-A865-6229C59D8BF4}.Release|x86.ActiveCfg = Release|Win32
		{6C5FCD4A-FDDC-43C7-A865-6229C59D8BF4}.Release|x86.Build.0 = Release|Win32
		{FDD90A75-A8D0-43CD-BBB1-5640C528F6C6}.Debug|x64.ActiveCfg = Debug|x64
		{FDD90A75-A8D0-43CD-BBB1-5640C528F6C6}.Debug|x64.Build.0 = Debug|x64
		{FDD90A75-A8D0-43CD-BBB1-5640C528F6C6}.Debug|x86.ActiveCfg = Debug|Win32
		{FDD90A75-A8D0-43CD-BBB1-5640C528F6C6}.Debug|x86.Build.0 = Debug|Win32
		{FDD90A75-A8D0-43CD-BBB1-5640C528F6C6}.Release|x64.ActiveCfg = Release|x64
		{FDD90A75-A8D0-43CD-BBB1-5640C528F6C6}.Release|x64.Build.0 = Release|x64
		{FDD90A75-A8D0-43CD-BBB1-5640C528F6C6}.Release|x86.ActiveCfg = Release|Win32
		{FDD90A75-A8D0-43CD-BBB1-5640C528F6C6}.Release|x86.Build.0 = Release|Win32
	EndGlobalSection
	GlobalSection(SolutionProperties) = preSolution
		HideSolutionNode = FALSE
	EndGlobalSection
	GlobalSection(ExtensibilityGlobals) = postSolution
		SolutionGuid = {9259D979-26B6-47AA-BB79-D3E7744F4C97}
	EndGlobalSection
EndGlobal
